
Microsoft Visual Studio Solution File, Format Version 12.00
# Visual Studio Version 16
VisualStudioVersion = 16.0.30621.155
MinimumVisualStudioVersion = 10.0.40219.1
Project("{FAE04EC0-301F-11D3-BF4B-00C04F79EFBC}") = "QuanLyQuanAn", "QuanLyQuanAn.csproj", "{49BCD456-0DE1-4F71-8204-CC3337B8D043}"
EndProject
Global
	GlobalSection(SolutionConfigurationPlatforms) = preSolution
		Debug|Any CPU = Debug|Any CPU
		Release|Any CPU = Release|Any CPU
	EndGlobalSection
	GlobalSection(ProjectConfigurationPlatforms) = postSolution
		{49BCD456-0DE1-4F71-8204-CC3337B8D043}.Debug|Any CPU.ActiveCfg = Debug|Any CPU
		{49BCD456-0DE1-4F71-8204-CC3337B8D043}.Debug|Any CPU.Build.0 = Debug|Any CPU
		{49BCD456-0DE1-4F71-8204-CC3337B8D043}.Release|Any CPU.ActiveCfg = Release|Any CPU
		{49BCD456-0DE1-4F71-8204-CC3337B8D043}.Release|Any CPU.Build.0 = Release|Any CPU
	EndGlobalSection
	GlobalSection(SolutionProperties) = preSolution
		HideSolutionNode = FALSE
	EndGlobalSection
	GlobalSection(ExtensibilityGlobals) = postSolution
		SolutionGuid = {60574326-4DCD-4353-B70D-850B61DDECA4}
	EndGlobalSection
EndGlobal
